// !$*UTF8*$!
{
	archiveVersion = 1;
	classes = {
	};
	objectVersion = 56;
	objects = {

/* Begin PBXBuildFile section */
		27A72625071FA415BC51D290 /* Pods_eCommerceApp_eCommerceAppUITests.framework in Frameworks */ = {isa = PBXBuildFile; fileRef = 990BFDE2FBC2C8EB9E6E6F1F /* Pods_eCommerceApp_eCommerceAppUITests.framework */; };
		32959221AEC9CC60DCC29495 /* Pods_eCommerceApp.framework in Frameworks */ = {isa = PBXBuildFile; fileRef = C8918700EFFB0DD804EC2381 /* Pods_eCommerceApp.framework */; };
		D70F5F7F29C5D487001760D5 /* Firebase+Utils.swift in Sources */ = {isa = PBXBuildFile; fileRef = D70F5F7E29C5D487001760D5 /* Firebase+Utils.swift */; };
		D736CC0E29D21D830050A507 /* UserService.swift in Sources */ = {isa = PBXBuildFile; fileRef = D736CC0D29D21D830050A507 /* UserService.swift */; };
		D736CC1029D2382A0050A507 /* FavoritesViewController.swift in Sources */ = {isa = PBXBuildFile; fileRef = D736CC0F29D2382A0050A507 /* FavoritesViewController.swift */; };
		D7654CE129E6F0200098A5D5 /* CartViewCell.swift in Sources */ = {isa = PBXBuildFile; fileRef = D7654CDF29E6F0200098A5D5 /* CartViewCell.swift */; };
		D7654CE229E6F0200098A5D5 /* CartViewCell.xib in Resources */ = {isa = PBXBuildFile; fileRef = D7654CE029E6F0200098A5D5 /* CartViewCell.xib */; };
		D7737BBF29F1B57F0097EAF3 /* Payment.swift in Sources */ = {isa = PBXBuildFile; fileRef = D7737BBE29F1B57F0097EAF3 /* Payment.swift */; };
		D78AD32429CFA43500811151 /* ProductCell.swift in Sources */ = {isa = PBXBuildFile; fileRef = D78AD32229CFA43500811151 /* ProductCell.swift */; };
		D78AD32529CFA43500811151 /* ProductCell.xib in Resources */ = {isa = PBXBuildFile; fileRef = D78AD32329CFA43500811151 /* ProductCell.xib */; };
		D78AD32729CFB3BA00811151 /* User.swift in Sources */ = {isa = PBXBuildFile; fileRef = D78AD32629CFB3BA00811151 /* User.swift */; };
		D795E3F929C3841500F3B234 /* AppDelegate.swift in Sources */ = {isa = PBXBuildFile; fileRef = D795E3F829C3841500F3B234 /* AppDelegate.swift */; };
		D795E3FB29C3841500F3B234 /* SceneDelegate.swift in Sources */ = {isa = PBXBuildFile; fileRef = D795E3FA29C3841500F3B234 /* SceneDelegate.swift */; };
		D795E3FD29C3841500F3B234 /* SignInViewController.swift in Sources */ = {isa = PBXBuildFile; fileRef = D795E3FC29C3841500F3B234 /* SignInViewController.swift */; };
		D795E40029C3841500F3B234 /* Main.storyboard in Resources */ = {isa = PBXBuildFile; fileRef = D795E3FE29C3841500F3B234 /* Main.storyboard */; };
		D795E40229C3841600F3B234 /* Assets.xcassets in Resources */ = {isa = PBXBuildFile; fileRef = D795E40129C3841600F3B234 /* Assets.xcassets */; };
		D795E41029C3841600F3B234 /* eCommerceAppTests.swift in Sources */ = {isa = PBXBuildFile; fileRef = D795E40F29C3841600F3B234 /* eCommerceAppTests.swift */; };
		D795E41A29C3841600F3B234 /* eCommerceAppUITests.swift in Sources */ = {isa = PBXBuildFile; fileRef = D795E41929C3841600F3B234 /* eCommerceAppUITests.swift */; };
		D795E41C29C3841600F3B234 /* eCommerceAppUITestsLaunchTests.swift in Sources */ = {isa = PBXBuildFile; fileRef = D795E41B29C3841600F3B234 /* eCommerceAppUITestsLaunchTests.swift */; };
		D795E42929C3850900F3B234 /* GoogleService-Info.plist in Resources */ = {isa = PBXBuildFile; fileRef = D795E42829C3850900F3B234 /* GoogleService-Info.plist */; };
		D7B0226829F1D9C200897566 /* OrderConfirmedVC.swift in Sources */ = {isa = PBXBuildFile; fileRef = D7B0226729F1D9C200897566 /* OrderConfirmedVC.swift */; };
		D7D9A92D29C46C28009848F9 /* Product.swift in Sources */ = {isa = PBXBuildFile; fileRef = D7D9A92C29C46C28009848F9 /* Product.swift */; };
		D7D9A93429C473B1009848F9 /* Algorithms in Frameworks */ = {isa = PBXBuildFile; productRef = D7D9A93329C473B1009848F9 /* Algorithms */; };
		D7D9A93629C476FE009848F9 /* HomeViewController.swift in Sources */ = {isa = PBXBuildFile; fileRef = D7D9A93529C476FE009848F9 /* HomeViewController.swift */; };
		D7DBFA0D29C38BD800D254BA /* LaunchScreen.storyboard in Resources */ = {isa = PBXBuildFile; fileRef = D7DBFA0C29C38BD700D254BA /* LaunchScreen.storyboard */; };
		D7DBFA0F29C38DCA00D254BA /* SignUpViewController.swift in Sources */ = {isa = PBXBuildFile; fileRef = D7DBFA0E29C38DCA00D254BA /* SignUpViewController.swift */; };
		D7DBFA1129C390FA00D254BA /* ProfileViewController.swift in Sources */ = {isa = PBXBuildFile; fileRef = D7DBFA1029C390FA00D254BA /* ProfileViewController.swift */; };
		D7DBFA1329C3911400D254BA /* CartViewController.swift in Sources */ = {isa = PBXBuildFile; fileRef = D7DBFA1229C3911400D254BA /* CartViewController.swift */; };
		D7DBFA1529C3A21700D254BA /* Extensions.swift in Sources */ = {isa = PBXBuildFile; fileRef = D7DBFA1429C3A21700D254BA /* Extensions.swift */; };
		D7DC34EF29C3AF470085E4CD /* Constants.swift in Sources */ = {isa = PBXBuildFile; fileRef = D7DC34EE29C3AF470085E4CD /* Constants.swift */; };
		D7EFD78F29C8534C008EDB1C /* RoundedViews.swift in Sources */ = {isa = PBXBuildFile; fileRef = D7EFD78E29C8534C008EDB1C /* RoundedViews.swift */; };
		D7F1564429CE34CD00890A44 /* DetailViewController.swift in Sources */ = {isa = PBXBuildFile; fileRef = D7F1564229CE34CD00890A44 /* DetailViewController.swift */; };
		D7F1564529CE34CD00890A44 /* DetailViewController.xib in Resources */ = {isa = PBXBuildFile; fileRef = D7F1564329CE34CD00890A44 /* DetailViewController.xib */; };
		F4AE6978DA571C4914097C9D /* Pods_eCommerceAppTests.framework in Frameworks */ = {isa = PBXBuildFile; fileRef = 6BAF504F6CED092B77133AC2 /* Pods_eCommerceAppTests.framework */; };
/* End PBXBuildFile section */

/* Begin PBXContainerItemProxy section */
		D795E40C29C3841600F3B234 /* PBXContainerItemProxy */ = {
			isa = PBXContainerItemProxy;
			containerPortal = D795E3ED29C3841500F3B234 /* Project object */;
			proxyType = 1;
			remoteGlobalIDString = D795E3F429C3841500F3B234;
			remoteInfo = eCommerceApp;
		};
		D795E41629C3841600F3B234 /* PBXContainerItemProxy */ = {
			isa = PBXContainerItemProxy;
			containerPortal = D795E3ED29C3841500F3B234 /* Project object */;
			proxyType = 1;
			remoteGlobalIDString = D795E3F429C3841500F3B234;
			remoteInfo = eCommerceApp;
		};
/* End PBXContainerItemProxy section */

/* Begin PBXFileReference section */
		0D1E669697AD4FB97B97170B /* Pods-eCommerceAppTests.release.xcconfig */ = {isa = PBXFileReference; includeInIndex = 1; lastKnownFileType = text.xcconfig; name = "Pods-eCommerceAppTests.release.xcconfig"; path = "Target Support Files/Pods-eCommerceAppTests/Pods-eCommerceAppTests.release.xcconfig"; sourceTree = "<group>"; };
		368EF1C02C4DBCD5BF7B4A0C /* Pods-eCommerceApp.debug.xcconfig */ = {isa = PBXFileReference; includeInIndex = 1; lastKnownFileType = text.xcconfig; name = "Pods-eCommerceApp.debug.xcconfig"; path = "Target Support Files/Pods-eCommerceApp/Pods-eCommerceApp.debug.xcconfig"; sourceTree = "<group>"; };
		6BAF504F6CED092B77133AC2 /* Pods_eCommerceAppTests.framework */ = {isa = PBXFileReference; explicitFileType = wrapper.framework; includeInIndex = 0; path = Pods_eCommerceAppTests.framework; sourceTree = BUILT_PRODUCTS_DIR; };
		6DACC356DA2EAB0097D505EF /* Pods-eCommerceApp-eCommerceAppUITests.debug.xcconfig */ = {isa = PBXFileReference; includeInIndex = 1; lastKnownFileType = text.xcconfig; name = "Pods-eCommerceApp-eCommerceAppUITests.debug.xcconfig"; path = "Target Support Files/Pods-eCommerceApp-eCommerceAppUITests/Pods-eCommerceApp-eCommerceAppUITests.debug.xcconfig"; sourceTree = "<group>"; };
		990BFDE2FBC2C8EB9E6E6F1F /* Pods_eCommerceApp_eCommerceAppUITests.framework */ = {isa = PBXFileReference; explicitFileType = wrapper.framework; includeInIndex = 0; path = Pods_eCommerceApp_eCommerceAppUITests.framework; sourceTree = BUILT_PRODUCTS_DIR; };
		A82EB31BB3575DC097FA29C3 /* Pods-eCommerceAppTests.debug.xcconfig */ = {isa = PBXFileReference; includeInIndex = 1; lastKnownFileType = text.xcconfig; name = "Pods-eCommerceAppTests.debug.xcconfig"; path = "Target Support Files/Pods-eCommerceAppTests/Pods-eCommerceAppTests.debug.xcconfig"; sourceTree = "<group>"; };
		C1624404D9D97C0EB0B5C257 /* Pods-eCommerceApp.release.xcconfig */ = {isa = PBXFileReference; includeInIndex = 1; lastKnownFileType = text.xcconfig; name = "Pods-eCommerceApp.release.xcconfig"; path = "Target Support Files/Pods-eCommerceApp/Pods-eCommerceApp.release.xcconfig"; sourceTree = "<group>"; };
		C8918700EFFB0DD804EC2381 /* Pods_eCommerceApp.framework */ = {isa = PBXFileReference; explicitFileType = wrapper.framework; includeInIndex = 0; path = Pods_eCommerceApp.framework; sourceTree = BUILT_PRODUCTS_DIR; };
		D70F5F7E29C5D487001760D5 /* Firebase+Utils.swift */ = {isa = PBXFileReference; lastKnownFileType = sourcecode.swift; path = "Firebase+Utils.swift"; sourceTree = "<group>"; };
		D736CC0D29D21D830050A507 /* UserService.swift */ = {isa = PBXFileReference; lastKnownFileType = sourcecode.swift; path = UserService.swift; sourceTree = "<group>"; };
		D736CC0F29D2382A0050A507 /* FavoritesViewController.swift */ = {isa = PBXFileReference; lastKnownFileType = sourcecode.swift; path = FavoritesViewController.swift; sourceTree = "<group>"; };
		D7654CDF29E6F0200098A5D5 /* CartViewCell.swift */ = {isa = PBXFileReference; lastKnownFileType = sourcecode.swift; path = CartViewCell.swift; sourceTree = "<group>"; };
		D7654CE029E6F0200098A5D5 /* CartViewCell.xib */ = {isa = PBXFileReference; lastKnownFileType = file.xib; path = CartViewCell.xib; sourceTree = "<group>"; };
		D7737BBE29F1B57F0097EAF3 /* Payment.swift */ = {isa = PBXFileReference; lastKnownFileType = sourcecode.swift; path = Payment.swift; sourceTree = "<group>"; };
		D78AD32229CFA43500811151 /* ProductCell.swift */ = {isa = PBXFileReference; lastKnownFileType = sourcecode.swift; path = ProductCell.swift; sourceTree = "<group>"; };
		D78AD32329CFA43500811151 /* ProductCell.xib */ = {isa = PBXFileReference; lastKnownFileType = file.xib; path = ProductCell.xib; sourceTree = "<group>"; };
		D78AD32629CFB3BA00811151 /* User.swift */ = {isa = PBXFileReference; lastKnownFileType = sourcecode.swift; path = User.swift; sourceTree = "<group>"; };
		D795E3F529C3841500F3B234 /* eCommerceApp.app */ = {isa = PBXFileReference; explicitFileType = wrapper.application; includeInIndex = 0; path = eCommerceApp.app; sourceTree = BUILT_PRODUCTS_DIR; };
		D795E3F829C3841500F3B234 /* AppDelegate.swift */ = {isa = PBXFileReference; lastKnownFileType = sourcecode.swift; path = AppDelegate.swift; sourceTree = "<group>"; };
		D795E3FA29C3841500F3B234 /* SceneDelegate.swift */ = {isa = PBXFileReference; lastKnownFileType = sourcecode.swift; path = SceneDelegate.swift; sourceTree = "<group>"; };
		D795E3FC29C3841500F3B234 /* SignInViewController.swift */ = {isa = PBXFileReference; lastKnownFileType = sourcecode.swift; path = SignInViewController.swift; sourceTree = "<group>"; };
		D795E3FF29C3841500F3B234 /* Base */ = {isa = PBXFileReference; lastKnownFileType = file.storyboard; name = Base; path = Base.lproj/Main.storyboard; sourceTree = "<group>"; };
		D795E40129C3841600F3B234 /* Assets.xcassets */ = {isa = PBXFileReference; lastKnownFileType = folder.assetcatalog; path = Assets.xcassets; sourceTree = "<group>"; };
		D795E40629C3841600F3B234 /* Info.plist */ = {isa = PBXFileReference; lastKnownFileType = text.plist.xml; path = Info.plist; sourceTree = "<group>"; };
		D795E40B29C3841600F3B234 /* eCommerceAppTests.xctest */ = {isa = PBXFileReference; explicitFileType = wrapper.cfbundle; includeInIndex = 0; path = eCommerceAppTests.xctest; sourceTree = BUILT_PRODUCTS_DIR; };
		D795E40F29C3841600F3B234 /* eCommerceAppTests.swift */ = {isa = PBXFileReference; lastKnownFileType = sourcecode.swift; path = eCommerceAppTests.swift; sourceTree = "<group>"; };
		D795E41529C3841600F3B234 /* eCommerceAppUITests.xctest */ = {isa = PBXFileReference; explicitFileType = wrapper.cfbundle; includeInIndex = 0; path = eCommerceAppUITests.xctest; sourceTree = BUILT_PRODUCTS_DIR; };
		D795E41929C3841600F3B234 /* eCommerceAppUITests.swift */ = {isa = PBXFileReference; lastKnownFileType = sourcecode.swift; path = eCommerceAppUITests.swift; sourceTree = "<group>"; };
		D795E41B29C3841600F3B234 /* eCommerceAppUITestsLaunchTests.swift */ = {isa = PBXFileReference; lastKnownFileType = sourcecode.swift; path = eCommerceAppUITestsLaunchTests.swift; sourceTree = "<group>"; };
		D795E42829C3850900F3B234 /* GoogleService-Info.plist */ = {isa = PBXFileReference; fileEncoding = 4; lastKnownFileType = text.plist.xml; path = "GoogleService-Info.plist"; sourceTree = "<group>"; };
		D7B0226729F1D9C200897566 /* OrderConfirmedVC.swift */ = {isa = PBXFileReference; lastKnownFileType = sourcecode.swift; path = OrderConfirmedVC.swift; sourceTree = "<group>"; };
		D7D9A92C29C46C28009848F9 /* Product.swift */ = {isa = PBXFileReference; lastKnownFileType = sourcecode.swift; path = Product.swift; sourceTree = "<group>"; };
		D7D9A93529C476FE009848F9 /* HomeViewController.swift */ = {isa = PBXFileReference; lastKnownFileType = sourcecode.swift; path = HomeViewController.swift; sourceTree = "<group>"; };
		D7DBFA0C29C38BD700D254BA /* LaunchScreen.storyboard */ = {isa = PBXFileReference; fileEncoding = 4; lastKnownFileType = file.storyboard; path = LaunchScreen.storyboard; sourceTree = "<group>"; };
		D7DBFA0E29C38DCA00D254BA /* SignUpViewController.swift */ = {isa = PBXFileReference; lastKnownFileType = sourcecode.swift; path = SignUpViewController.swift; sourceTree = "<group>"; };
		D7DBFA1029C390FA00D254BA /* ProfileViewController.swift */ = {isa = PBXFileReference; lastKnownFileType = sourcecode.swift; path = ProfileViewController.swift; sourceTree = "<group>"; };
		D7DBFA1229C3911400D254BA /* CartViewController.swift */ = {isa = PBXFileReference; lastKnownFileType = sourcecode.swift; path = CartViewController.swift; sourceTree = "<group>"; };
		D7DBFA1429C3A21700D254BA /* Extensions.swift */ = {isa = PBXFileReference; lastKnownFileType = sourcecode.swift; path = Extensions.swift; sourceTree = "<group>"; };
		D7DC34EE29C3AF470085E4CD /* Constants.swift */ = {isa = PBXFileReference; lastKnownFileType = sourcecode.swift; path = Constants.swift; sourceTree = "<group>"; };
		D7EFD78E29C8534C008EDB1C /* RoundedViews.swift */ = {isa = PBXFileReference; lastKnownFileType = sourcecode.swift; path = RoundedViews.swift; sourceTree = "<group>"; };
		D7F1564229CE34CD00890A44 /* DetailViewController.swift */ = {isa = PBXFileReference; lastKnownFileType = sourcecode.swift; path = DetailViewController.swift; sourceTree = "<group>"; };
		D7F1564329CE34CD00890A44 /* DetailViewController.xib */ = {isa = PBXFileReference; lastKnownFileType = file.xib; path = DetailViewController.xib; sourceTree = "<group>"; };
		F052B7728064C18C3A732FDB /* Pods-eCommerceApp-eCommerceAppUITests.release.xcconfig */ = {isa = PBXFileReference; includeInIndex = 1; lastKnownFileType = text.xcconfig; name = "Pods-eCommerceApp-eCommerceAppUITests.release.xcconfig"; path = "Target Support Files/Pods-eCommerceApp-eCommerceAppUITests/Pods-eCommerceApp-eCommerceAppUITests.release.xcconfig"; sourceTree = "<group>"; };
/* End PBXFileReference section */

/* Begin PBXFrameworksBuildPhase section */
		D795E3F229C3841500F3B234 /* Frameworks */ = {
			isa = PBXFrameworksBuildPhase;
			buildActionMask = 2147483647;
			files = (
				D7D9A93429C473B1009848F9 /* Algorithms in Frameworks */,
				32959221AEC9CC60DCC29495 /* Pods_eCommerceApp.framework in Frameworks */,
			);
			runOnlyForDeploymentPostprocessing = 0;
		};
		D795E40829C3841600F3B234 /* Frameworks */ = {
			isa = PBXFrameworksBuildPhase;
			buildActionMask = 2147483647;
			files = (
				F4AE6978DA571C4914097C9D /* Pods_eCommerceAppTests.framework in Frameworks */,
			);
			runOnlyForDeploymentPostprocessing = 0;
		};
		D795E41229C3841600F3B234 /* Frameworks */ = {
			isa = PBXFrameworksBuildPhase;
			buildActionMask = 2147483647;
			files = (
				27A72625071FA415BC51D290 /* Pods_eCommerceApp_eCommerceAppUITests.framework in Frameworks */,
			);
			runOnlyForDeploymentPostprocessing = 0;
		};
/* End PBXFrameworksBuildPhase section */

/* Begin PBXGroup section */
		B8DF0FD50DE8E885D72A7270 /* Pods */ = {
			isa = PBXGroup;
			children = (
				368EF1C02C4DBCD5BF7B4A0C /* Pods-eCommerceApp.debug.xcconfig */,
				C1624404D9D97C0EB0B5C257 /* Pods-eCommerceApp.release.xcconfig */,
				6DACC356DA2EAB0097D505EF /* Pods-eCommerceApp-eCommerceAppUITests.debug.xcconfig */,
				F052B7728064C18C3A732FDB /* Pods-eCommerceApp-eCommerceAppUITests.release.xcconfig */,
				A82EB31BB3575DC097FA29C3 /* Pods-eCommerceAppTests.debug.xcconfig */,
				0D1E669697AD4FB97B97170B /* Pods-eCommerceAppTests.release.xcconfig */,
			);
			path = Pods;
			sourceTree = "<group>";
		};
		D795E3EC29C3841500F3B234 = {
			isa = PBXGroup;
			children = (
				D795E3F729C3841500F3B234 /* eCommerceApp */,
				D795E40E29C3841600F3B234 /* eCommerceAppTests */,
				D795E41829C3841600F3B234 /* eCommerceAppUITests */,
				D795E3F629C3841500F3B234 /* Products */,
				B8DF0FD50DE8E885D72A7270 /* Pods */,
				F8C7B5DF7608B5E06393203D /* Frameworks */,
			);
			sourceTree = "<group>";
		};
		D795E3F629C3841500F3B234 /* Products */ = {
			isa = PBXGroup;
			children = (
				D795E3F529C3841500F3B234 /* eCommerceApp.app */,
				D795E40B29C3841600F3B234 /* eCommerceAppTests.xctest */,
				D795E41529C3841600F3B234 /* eCommerceAppUITests.xctest */,
			);
			name = Products;
			sourceTree = "<group>";
		};
		D795E3F729C3841500F3B234 /* eCommerceApp */ = {
			isa = PBXGroup;
			children = (
				D7B5CCB829CF8131007FF745 /* Xib */,
				D7B5CCB729CF811F007FF745 /* View */,
				D7D9A92B29C46C0B009848F9 /* Model */,
				D7D9A92A29C46BC8009848F9 /* Controllers */,
				D7D9A92829C46B71009848F9 /* Utils */,
				D7D9A92929C46BAB009848F9 /* Storyboards */,
				D795E40129C3841600F3B234 /* Assets.xcassets */,
				D795E42829C3850900F3B234 /* GoogleService-Info.plist */,
				D795E40629C3841600F3B234 /* Info.plist */,
			);
			path = eCommerceApp;
			sourceTree = "<group>";
		};
		D795E40E29C3841600F3B234 /* eCommerceAppTests */ = {
			isa = PBXGroup;
			children = (
				D795E40F29C3841600F3B234 /* eCommerceAppTests.swift */,
			);
			path = eCommerceAppTests;
			sourceTree = "<group>";
		};
		D795E41829C3841600F3B234 /* eCommerceAppUITests */ = {
			isa = PBXGroup;
			children = (
				D795E41929C3841600F3B234 /* eCommerceAppUITests.swift */,
				D795E41B29C3841600F3B234 /* eCommerceAppUITestsLaunchTests.swift */,
			);
			path = eCommerceAppUITests;
			sourceTree = "<group>";
		};
		D7B5CCB729CF811F007FF745 /* View */ = {
			isa = PBXGroup;
			children = (
				D7EFD78E29C8534C008EDB1C /* RoundedViews.swift */,
				D78AD32229CFA43500811151 /* ProductCell.swift */,
				D7654CDF29E6F0200098A5D5 /* CartViewCell.swift */,
			);
			path = View;
			sourceTree = "<group>";
		};
		D7B5CCB829CF8131007FF745 /* Xib */ = {
			isa = PBXGroup;
			children = (
				D7F1564329CE34CD00890A44 /* DetailViewController.xib */,
				D78AD32329CFA43500811151 /* ProductCell.xib */,
				D7654CE029E6F0200098A5D5 /* CartViewCell.xib */,
			);
			path = Xib;
			sourceTree = "<group>";
		};
		D7D9A92829C46B71009848F9 /* Utils */ = {
			isa = PBXGroup;
			children = (
				D7DC34EE29C3AF470085E4CD /* Constants.swift */,
				D7DBFA1429C3A21700D254BA /* Extensions.swift */,
				D70F5F7E29C5D487001760D5 /* Firebase+Utils.swift */,
				D7737BBE29F1B57F0097EAF3 /* Payment.swift */,
			);
			path = Utils;
			sourceTree = "<group>";
		};
		D7D9A92929C46BAB009848F9 /* Storyboards */ = {
			isa = PBXGroup;
			children = (
				D7DBFA0C29C38BD700D254BA /* LaunchScreen.storyboard */,
				D795E3FE29C3841500F3B234 /* Main.storyboard */,
			);
			path = Storyboards;
			sourceTree = "<group>";
		};
		D7D9A92A29C46BC8009848F9 /* Controllers */ = {
			isa = PBXGroup;
			children = (
				D7D9A93529C476FE009848F9 /* HomeViewController.swift */,
				D795E3F829C3841500F3B234 /* AppDelegate.swift */,
				D795E3FA29C3841500F3B234 /* SceneDelegate.swift */,
				D795E3FC29C3841500F3B234 /* SignInViewController.swift */,
				D7DBFA0E29C38DCA00D254BA /* SignUpViewController.swift */,
				D7DBFA1229C3911400D254BA /* CartViewController.swift */,
				D7DBFA1029C390FA00D254BA /* ProfileViewController.swift */,
				D736CC0F29D2382A0050A507 /* FavoritesViewController.swift */,
				D7F1564229CE34CD00890A44 /* DetailViewController.swift */,
				D7B0226729F1D9C200897566 /* OrderConfirmedVC.swift */,
			);
			path = Controllers;
			sourceTree = "<group>";
		};
		D7D9A92B29C46C0B009848F9 /* Model */ = {
			isa = PBXGroup;
			children = (
				D7D9A92C29C46C28009848F9 /* Product.swift */,
				D78AD32629CFB3BA00811151 /* User.swift */,
				D736CC0D29D21D830050A507 /* UserService.swift */,
			);
			path = Model;
			sourceTree = "<group>";
		};
		F8C7B5DF7608B5E06393203D /* Frameworks */ = {
			isa = PBXGroup;
			children = (
				C8918700EFFB0DD804EC2381 /* Pods_eCommerceApp.framework */,
				990BFDE2FBC2C8EB9E6E6F1F /* Pods_eCommerceApp_eCommerceAppUITests.framework */,
				6BAF504F6CED092B77133AC2 /* Pods_eCommerceAppTests.framework */,
			);
			name = Frameworks;
			sourceTree = "<group>";
		};
/* End PBXGroup section */

/* Begin PBXNativeTarget section */
		D795E3F429C3841500F3B234 /* eCommerceApp */ = {
			isa = PBXNativeTarget;
			buildConfigurationList = D795E41F29C3841600F3B234 /* Build configuration list for PBXNativeTarget "eCommerceApp" */;
			buildPhases = (
				2BDFD813D845FD7BB94E660E /* [CP] Check Pods Manifest.lock */,
				D795E3F129C3841500F3B234 /* Sources */,
				D795E3F229C3841500F3B234 /* Frameworks */,
				D795E3F329C3841500F3B234 /* Resources */,
				9B6D97776FF61E68CB427BC8 /* [CP] Embed Pods Frameworks */,
			);
			buildRules = (
			);
			dependencies = (
			);
			name = eCommerceApp;
			packageProductDependencies = (
				D7D9A93329C473B1009848F9 /* Algorithms */,
			);
			productName = eCommerceApp;
			productReference = D795E3F529C3841500F3B234 /* eCommerceApp.app */;
			productType = "com.apple.product-type.application";
		};
		D795E40A29C3841600F3B234 /* eCommerceAppTests */ = {
			isa = PBXNativeTarget;
			buildConfigurationList = D795E42229C3841600F3B234 /* Build configuration list for PBXNativeTarget "eCommerceAppTests" */;
			buildPhases = (
				E455877532D94DA9BC796569 /* [CP] Check Pods Manifest.lock */,
				D795E40729C3841600F3B234 /* Sources */,
				D795E40829C3841600F3B234 /* Frameworks */,
				D795E40929C3841600F3B234 /* Resources */,
			);
			buildRules = (
			);
			dependencies = (
				D795E40D29C3841600F3B234 /* PBXTargetDependency */,
			);
			name = eCommerceAppTests;
			productName = eCommerceAppTests;
			productReference = D795E40B29C3841600F3B234 /* eCommerceAppTests.xctest */;
			productType = "com.apple.product-type.bundle.unit-test";
		};
		D795E41429C3841600F3B234 /* eCommerceAppUITests */ = {
			isa = PBXNativeTarget;
			buildConfigurationList = D795E42529C3841600F3B234 /* Build configuration list for PBXNativeTarget "eCommerceAppUITests" */;
			buildPhases = (
				E848A03AD2A93BE041CD2D51 /* [CP] Check Pods Manifest.lock */,
				D795E41129C3841600F3B234 /* Sources */,
				D795E41229C3841600F3B234 /* Frameworks */,
				D795E41329C3841600F3B234 /* Resources */,
				29CFD434A4D6741FA002778A /* [CP] Embed Pods Frameworks */,
			);
			buildRules = (
			);
			dependencies = (
				D795E41729C3841600F3B234 /* PBXTargetDependency */,
			);
			name = eCommerceAppUITests;
			productName = eCommerceAppUITests;
			productReference = D795E41529C3841600F3B234 /* eCommerceAppUITests.xctest */;
			productType = "com.apple.product-type.bundle.ui-testing";
		};
/* End PBXNativeTarget section */

/* Begin PBXProject section */
		D795E3ED29C3841500F3B234 /* Project object */ = {
			isa = PBXProject;
			attributes = {
				BuildIndependentTargetsInParallel = 1;
				LastSwiftUpdateCheck = 1420;
				LastUpgradeCheck = 1420;
				TargetAttributes = {
					D795E3F429C3841500F3B234 = {
						CreatedOnToolsVersion = 14.2;
					};
					D795E40A29C3841600F3B234 = {
						CreatedOnToolsVersion = 14.2;
						TestTargetID = D795E3F429C3841500F3B234;
					};
					D795E41429C3841600F3B234 = {
						CreatedOnToolsVersion = 14.2;
						TestTargetID = D795E3F429C3841500F3B234;
					};
				};
			};
			buildConfigurationList = D795E3F029C3841500F3B234 /* Build configuration list for PBXProject "eCommerceApp" */;
			compatibilityVersion = "Xcode 14.0";
			developmentRegion = en;
			hasScannedForEncodings = 0;
			knownRegions = (
				en,
				Base,
			);
			mainGroup = D795E3EC29C3841500F3B234;
			packageReferences = (
				D7D9A93229C473B1009848F9 /* XCRemoteSwiftPackageReference "swift-algorithms" */,
			);
			productRefGroup = D795E3F629C3841500F3B234 /* Products */;
			projectDirPath = "";
			projectRoot = "";
			targets = (
				D795E3F429C3841500F3B234 /* eCommerceApp */,
				D795E40A29C3841600F3B234 /* eCommerceAppTests */,
				D795E41429C3841600F3B234 /* eCommerceAppUITests */,
			);
		};
/* End PBXProject section */

/* Begin PBXResourcesBuildPhase section */
		D795E3F329C3841500F3B234 /* Resources */ = {
			isa = PBXResourcesBuildPhase;
			buildActionMask = 2147483647;
			files = (
				D795E42929C3850900F3B234 /* GoogleService-Info.plist in Resources */,
				D7F1564529CE34CD00890A44 /* DetailViewController.xib in Resources */,
				D7DBFA0D29C38BD800D254BA /* LaunchScreen.storyboard in Resources */,
				D78AD32529CFA43500811151 /* ProductCell.xib in Resources */,
				D7654CE229E6F0200098A5D5 /* CartViewCell.xib in Resources */,
				D795E40229C3841600F3B234 /* Assets.xcassets in Resources */,
				D795E40029C3841500F3B234 /* Main.storyboard in Resources */,
			);
			runOnlyForDeploymentPostprocessing = 0;
		};
		D795E40929C3841600F3B234 /* Resources */ = {
			isa = PBXResourcesBuildPhase;
			buildActionMask = 2147483647;
			files = (
			);
			runOnlyForDeploymentPostprocessing = 0;
		};
		D795E41329C3841600F3B234 /* Resources */ = {
			isa = PBXResourcesBuildPhase;
			buildActionMask = 2147483647;
			files = (
			);
			runOnlyForDeploymentPostprocessing = 0;
		};
/* End PBXResourcesBuildPhase section */

/* Begin PBXShellScriptBuildPhase section */
		29CFD434A4D6741FA002778A /* [CP] Embed Pods Frameworks */ = {
			isa = PBXShellScriptBuildPhase;
			buildActionMask = 2147483647;
			files = (
			);
			inputFileListPaths = (
				"${PODS_ROOT}/Target Support Files/Pods-eCommerceApp-eCommerceAppUITests/Pods-eCommerceApp-eCommerceAppUITests-frameworks-${CONFIGURATION}-input-files.xcfilelist",
			);
			name = "[CP] Embed Pods Frameworks";
			outputFileListPaths = (
				"${PODS_ROOT}/Target Support Files/Pods-eCommerceApp-eCommerceAppUITests/Pods-eCommerceApp-eCommerceAppUITests-frameworks-${CONFIGURATION}-output-files.xcfilelist",
			);
			runOnlyForDeploymentPostprocessing = 0;
			shellPath = /bin/sh;
			shellScript = "\"${PODS_ROOT}/Target Support Files/Pods-eCommerceApp-eCommerceAppUITests/Pods-eCommerceApp-eCommerceAppUITests-frameworks.sh\"\n";
			showEnvVarsInLog = 0;
		};
		2BDFD813D845FD7BB94E660E /* [CP] Check Pods Manifest.lock */ = {
			isa = PBXShellScriptBuildPhase;
			buildActionMask = 2147483647;
			files = (
			);
			inputFileListPaths = (
			);
			inputPaths = (
				"${PODS_PODFILE_DIR_PATH}/Podfile.lock",
				"${PODS_ROOT}/Manifest.lock",
			);
			name = "[CP] Check Pods Manifest.lock";
			outputFileListPaths = (
			);
			outputPaths = (
				"$(DERIVED_FILE_DIR)/Pods-eCommerceApp-checkManifestLockResult.txt",
			);
			runOnlyForDeploymentPostprocessing = 0;
			shellPath = /bin/sh;
			shellScript = "diff \"${PODS_PODFILE_DIR_PATH}/Podfile.lock\" \"${PODS_ROOT}/Manifest.lock\" > /dev/null\nif [ $? != 0 ] ; then\n    # print error to STDERR\n    echo \"error: The sandbox is not in sync with the Podfile.lock. Run 'pod install' or update your CocoaPods installation.\" >&2\n    exit 1\nfi\n# This output is used by Xcode 'outputs' to avoid re-running this script phase.\necho \"SUCCESS\" > \"${SCRIPT_OUTPUT_FILE_0}\"\n";
			showEnvVarsInLog = 0;
		};
		9B6D97776FF61E68CB427BC8 /* [CP] Embed Pods Frameworks */ = {
			isa = PBXShellScriptBuildPhase;
			buildActionMask = 2147483647;
			files = (
			);
			inputFileListPaths = (
				"${PODS_ROOT}/Target Support Files/Pods-eCommerceApp/Pods-eCommerceApp-frameworks-${CONFIGURATION}-input-files.xcfilelist",
			);
			name = "[CP] Embed Pods Frameworks";
			outputFileListPaths = (
				"${PODS_ROOT}/Target Support Files/Pods-eCommerceApp/Pods-eCommerceApp-frameworks-${CONFIGURATION}-output-files.xcfilelist",
			);
			runOnlyForDeploymentPostprocessing = 0;
			shellPath = /bin/sh;
			shellScript = "\"${PODS_ROOT}/Target Support Files/Pods-eCommerceApp/Pods-eCommerceApp-frameworks.sh\"\n";
			showEnvVarsInLog = 0;
		};
		E455877532D94DA9BC796569 /* [CP] Check Pods Manifest.lock */ = {
			isa = PBXShellScriptBuildPhase;
			buildActionMask = 2147483647;
			files = (
			);
			inputFileListPaths = (
			);
			inputPaths = (
				"${PODS_PODFILE_DIR_PATH}/Podfile.lock",
				"${PODS_ROOT}/Manifest.lock",
			);
			name = "[CP] Check Pods Manifest.lock";
			outputFileListPaths = (
			);
			outputPaths = (
				"$(DERIVED_FILE_DIR)/Pods-eCommerceAppTests-checkManifestLockResult.txt",
			);
			runOnlyForDeploymentPostprocessing = 0;
			shellPath = /bin/sh;
			shellScript = "diff \"${PODS_PODFILE_DIR_PATH}/Podfile.lock\" \"${PODS_ROOT}/Manifest.lock\" > /dev/null\nif [ $? != 0 ] ; then\n    # print error to STDERR\n    echo \"error: The sandbox is not in sync with the Podfile.lock. Run 'pod install' or update your CocoaPods installation.\" >&2\n    exit 1\nfi\n# This output is used by Xcode 'outputs' to avoid re-running this script phase.\necho \"SUCCESS\" > \"${SCRIPT_OUTPUT_FILE_0}\"\n";
			showEnvVarsInLog = 0;
		};
		E848A03AD2A93BE041CD2D51 /* [CP] Check Pods Manifest.lock */ = {
			isa = PBXShellScriptBuildPhase;
			buildActionMask = 2147483647;
			files = (
			);
			inputFileListPaths = (
			);
			inputPaths = (
				"${PODS_PODFILE_DIR_PATH}/Podfile.lock",
				"${PODS_ROOT}/Manifest.lock",
			);
			name = "[CP] Check Pods Manifest.lock";
			outputFileListPaths = (
			);
			outputPaths = (
				"$(DERIVED_FILE_DIR)/Pods-eCommerceApp-eCommerceAppUITests-checkManifestLockResult.txt",
			);
			runOnlyForDeploymentPostprocessing = 0;
			shellPath = /bin/sh;
			shellScript = "diff \"${PODS_PODFILE_DIR_PATH}/Podfile.lock\" \"${PODS_ROOT}/Manifest.lock\" > /dev/null\nif [ $? != 0 ] ; then\n    # print error to STDERR\n    echo \"error: The sandbox is not in sync with the Podfile.lock. Run 'pod install' or update your CocoaPods installation.\" >&2\n    exit 1\nfi\n# This output is used by Xcode 'outputs' to avoid re-running this script phase.\necho \"SUCCESS\" > \"${SCRIPT_OUTPUT_FILE_0}\"\n";
			showEnvVarsInLog = 0;
		};
/* End PBXShellScriptBuildPhase section */

/* Begin PBXSourcesBuildPhase section */
		D795E3F129C3841500F3B234 /* Sources */ = {
			isa = PBXSourcesBuildPhase;
			buildActionMask = 2147483647;
			files = (
				D70F5F7F29C5D487001760D5 /* Firebase+Utils.swift in Sources */,
				D795E3FD29C3841500F3B234 /* SignInViewController.swift in Sources */,
				D795E3F929C3841500F3B234 /* AppDelegate.swift in Sources */,
				D7D9A92D29C46C28009848F9 /* Product.swift in Sources */,
				D7654CE129E6F0200098A5D5 /* CartViewCell.swift in Sources */,
				D7EFD78F29C8534C008EDB1C /* RoundedViews.swift in Sources */,
				D78AD32429CFA43500811151 /* ProductCell.swift in Sources */,
				D7DBFA1129C390FA00D254BA /* ProfileViewController.swift in Sources */,
				D7DBFA0F29C38DCA00D254BA /* SignUpViewController.swift in Sources */,
				D736CC1029D2382A0050A507 /* FavoritesViewController.swift in Sources */,
				D78AD32729CFB3BA00811151 /* User.swift in Sources */,
				D7DBFA1329C3911400D254BA /* CartViewController.swift in Sources */,
				D795E3FB29C3841500F3B234 /* SceneDelegate.swift in Sources */,
				D7B0226829F1D9C200897566 /* OrderConfirmedVC.swift in Sources */,
				D7737BBF29F1B57F0097EAF3 /* Payment.swift in Sources */,
				D7D9A93629C476FE009848F9 /* HomeViewController.swift in Sources */,
				D736CC0E29D21D830050A507 /* UserService.swift in Sources */,
				D7DBFA1529C3A21700D254BA /* Extensions.swift in Sources */,
				D7DC34EF29C3AF470085E4CD /* Constants.swift in Sources */,
				D7F1564429CE34CD00890A44 /* DetailViewController.swift in Sources */,
			);
			runOnlyForDeploymentPostprocessing = 0;
		};
		D795E40729C3841600F3B234 /* Sources */ = {
			isa = PBXSourcesBuildPhase;
			buildActionMask = 2147483647;
			files = (
				D795E41029C3841600F3B234 /* eCommerceAppTests.swift in Sources */,
			);
			runOnlyForDeploymentPostprocessing = 0;
		};
		D795E41129C3841600F3B234 /* Sources */ = {
			isa = PBXSourcesBuildPhase;
			buildActionMask = 2147483647;
			files = (
				D795E41A29C3841600F3B234 /* eCommerceAppUITests.swift in Sources */,
				D795E41C29C3841600F3B234 /* eCommerceAppUITestsLaunchTests.swift in Sources */,
			);
			runOnlyForDeploymentPostprocessing = 0;
		};
/* End PBXSourcesBuildPhase section */

/* Begin PBXTargetDependency section */
		D795E40D29C3841600F3B234 /* PBXTargetDependency */ = {
			isa = PBXTargetDependency;
			target = D795E3F429C3841500F3B234 /* eCommerceApp */;
			targetProxy = D795E40C29C3841600F3B234 /* PBXContainerItemProxy */;
		};
		D795E41729C3841600F3B234 /* PBXTargetDependency */ = {
			isa = PBXTargetDependency;
			target = D795E3F429C3841500F3B234 /* eCommerceApp */;
			targetProxy = D795E41629C3841600F3B234 /* PBXContainerItemProxy */;
		};
/* End PBXTargetDependency section */

/* Begin PBXVariantGroup section */
		D795E3FE29C3841500F3B234 /* Main.storyboard */ = {
			isa = PBXVariantGroup;
			children = (
				D795E3FF29C3841500F3B234 /* Base */,
			);
			name = Main.storyboard;
			sourceTree = "<group>";
		};
/* End PBXVariantGroup section */

/* Begin XCBuildConfiguration section */
		D795E41D29C3841600F3B234 /* Debug */ = {
			isa = XCBuildConfiguration;
			buildSettings = {
				ALWAYS_SEARCH_USER_PATHS = NO;
				CLANG_ANALYZER_NONNULL = YES;
				CLANG_ANALYZER_NUMBER_OBJECT_CONVERSION = YES_AGGRESSIVE;
				CLANG_CXX_LANGUAGE_STANDARD = "gnu++20";
				CLANG_ENABLE_MODULES = YES;
				CLANG_ENABLE_OBJC_ARC = YES;
				CLANG_ENABLE_OBJC_WEAK = YES;
				CLANG_WARN_BLOCK_CAPTURE_AUTORELEASING = YES;
				CLANG_WARN_BOOL_CONVERSION = YES;
				CLANG_WARN_COMMA = YES;
				CLANG_WARN_CONSTANT_CONVERSION = YES;
				CLANG_WARN_DEPRECATED_OBJC_IMPLEMENTATIONS = YES;
				CLANG_WARN_DIRECT_OBJC_ISA_USAGE = YES_ERROR;
				CLANG_WARN_DOCUMENTATION_COMMENTS = YES;
				CLANG_WARN_EMPTY_BODY = YES;
				CLANG_WARN_ENUM_CONVERSION = YES;
				CLANG_WARN_INFINITE_RECURSION = YES;
				CLANG_WARN_INT_CONVERSION = YES;
				CLANG_WARN_NON_LITERAL_NULL_CONVERSION = YES;
				CLANG_WARN_OBJC_IMPLICIT_RETAIN_SELF = YES;
				CLANG_WARN_OBJC_LITERAL_CONVERSION = YES;
				CLANG_WARN_OBJC_ROOT_CLASS = YES_ERROR;
				CLANG_WARN_QUOTED_INCLUDE_IN_FRAMEWORK_HEADER = YES;
				CLANG_WARN_RANGE_LOOP_ANALYSIS = YES;
				CLANG_WARN_STRICT_PROTOTYPES = YES;
				CLANG_WARN_SUSPICIOUS_MOVE = YES;
				CLANG_WARN_UNGUARDED_AVAILABILITY = YES_AGGRESSIVE;
				CLANG_WARN_UNREACHABLE_CODE = YES;
				CLANG_WARN__DUPLICATE_METHOD_MATCH = YES;
				COPY_PHASE_STRIP = NO;
				DEBUG_INFORMATION_FORMAT = dwarf;
				ENABLE_STRICT_OBJC_MSGSEND = YES;
				ENABLE_TESTABILITY = YES;
				GCC_C_LANGUAGE_STANDARD = gnu11;
				GCC_DYNAMIC_NO_PIC = NO;
				GCC_NO_COMMON_BLOCKS = YES;
				GCC_OPTIMIZATION_LEVEL = 0;
				GCC_PREPROCESSOR_DEFINITIONS = (
					"DEBUG=1",
					"$(inherited)",
				);
				GCC_WARN_64_TO_32_BIT_CONVERSION = YES;
				GCC_WARN_ABOUT_RETURN_TYPE = YES_ERROR;
				GCC_WARN_UNDECLARED_SELECTOR = YES;
				GCC_WARN_UNINITIALIZED_AUTOS = YES_AGGRESSIVE;
				GCC_WARN_UNUSED_FUNCTION = YES;
				GCC_WARN_UNUSED_VARIABLE = YES;
				IPHONEOS_DEPLOYMENT_TARGET = 16.2;
				MTL_ENABLE_DEBUG_INFO = INCLUDE_SOURCE;
				MTL_FAST_MATH = YES;
				ONLY_ACTIVE_ARCH = YES;
				SDKROOT = iphoneos;
				SWIFT_ACTIVE_COMPILATION_CONDITIONS = DEBUG;
				SWIFT_OPTIMIZATION_LEVEL = "-Onone";
			};
			name = Debug;
		};
		D795E41E29C3841600F3B234 /* Release */ = {
			isa = XCBuildConfiguration;
			buildSettings = {
				ALWAYS_SEARCH_USER_PATHS = NO;
				CLANG_ANALYZER_NONNULL = YES;
				CLANG_ANALYZER_NUMBER_OBJECT_CONVERSION = YES_AGGRESSIVE;
				CLANG_CXX_LANGUAGE_STANDARD = "gnu++20";
				CLANG_ENABLE_MODULES = YES;
				CLANG_ENABLE_OBJC_ARC = YES;
				CLANG_ENABLE_OBJC_WEAK = YES;
				CLANG_WARN_BLOCK_CAPTURE_AUTORELEASING = YES;
				CLANG_WARN_BOOL_CONVERSION = YES;
				CLANG_WARN_COMMA = YES;
				CLANG_WARN_CONSTANT_CONVERSION = YES;
				CLANG_WARN_DEPRECATED_OBJC_IMPLEMENTATIONS = YES;
				CLANG_WARN_DIRECT_OBJC_ISA_USAGE = YES_ERROR;
				CLANG_WARN_DOCUMENTATION_COMMENTS = YES;
				CLANG_WARN_EMPTY_BODY = YES;
				CLANG_WARN_ENUM_CONVERSION = YES;
				CLANG_WARN_INFINITE_RECURSION = YES;
				CLANG_WARN_INT_CONVERSION = YES;
				CLANG_WARN_NON_LITERAL_NULL_CONVERSION = YES;
				CLANG_WARN_OBJC_IMPLICIT_RETAIN_SELF = YES;
				CLANG_WARN_OBJC_LITERAL_CONVERSION = YES;
				CLANG_WARN_OBJC_ROOT_CLASS = YES_ERROR;
				CLANG_WARN_QUOTED_INCLUDE_IN_FRAMEWORK_HEADER = YES;
				CLANG_WARN_RANGE_LOOP_ANALYSIS = YES;
				CLANG_WARN_STRICT_PROTOTYPES = YES;
				CLANG_WARN_SUSPICIOUS_MOVE = YES;
				CLANG_WARN_UNGUARDED_AVAILABILITY = YES_AGGRESSIVE;
				CLANG_WARN_UNREACHABLE_CODE = YES;
				CLANG_WARN__DUPLICATE_METHOD_MATCH = YES;
				COPY_PHASE_STRIP = NO;
				DEBUG_INFORMATION_FORMAT = "dwarf-with-dsym";
				ENABLE_NS_ASSERTIONS = NO;
				ENABLE_STRICT_OBJC_MSGSEND = YES;
				GCC_C_LANGUAGE_STANDARD = gnu11;
				GCC_NO_COMMON_BLOCKS = YES;
				GCC_WARN_64_TO_32_BIT_CONVERSION = YES;
				GCC_WARN_ABOUT_RETURN_TYPE = YES_ERROR;
				GCC_WARN_UNDECLARED_SELECTOR = YES;
				GCC_WARN_UNINITIALIZED_AUTOS = YES_AGGRESSIVE;
				GCC_WARN_UNUSED_FUNCTION = YES;
				GCC_WARN_UNUSED_VARIABLE = YES;
				IPHONEOS_DEPLOYMENT_TARGET = 16.2;
				MTL_ENABLE_DEBUG_INFO = NO;
				MTL_FAST_MATH = YES;
				SDKROOT = iphoneos;
				SWIFT_COMPILATION_MODE = wholemodule;
				SWIFT_OPTIMIZATION_LEVEL = "-O";
				VALIDATE_PRODUCT = YES;
			};
			name = Release;
		};
		D795E42029C3841600F3B234 /* Debug */ = {
			isa = XCBuildConfiguration;
			baseConfigurationReference = 368EF1C02C4DBCD5BF7B4A0C /* Pods-eCommerceApp.debug.xcconfig */;
			buildSettings = {
				ASSETCATALOG_COMPILER_APPICON_NAME = AppIcon;
				ASSETCATALOG_COMPILER_GLOBAL_ACCENT_COLOR_NAME = AccentColor;
				CODE_SIGN_STYLE = Automatic;
				CURRENT_PROJECT_VERSION = 1;
				GENERATE_INFOPLIST_FILE = YES;
				INFOPLIST_FILE = eCommerceApp/Info.plist;
				INFOPLIST_KEY_UIApplicationSupportsIndirectInputEvents = YES;
				INFOPLIST_KEY_UILaunchStoryboardName = LaunchScreen;
				INFOPLIST_KEY_UIMainStoryboardFile = Main;
				INFOPLIST_KEY_UISupportedInterfaceOrientations_iPad = "UIInterfaceOrientationPortrait UIInterfaceOrientationPortraitUpsideDown UIInterfaceOrientationLandscapeLeft UIInterfaceOrientationLandscapeRight";
				INFOPLIST_KEY_UISupportedInterfaceOrientations_iPhone = "UIInterfaceOrientationPortrait UIInterfaceOrientationLandscapeLeft UIInterfaceOrientationLandscapeRight";
				LD_RUNPATH_SEARCH_PATHS = (
					"$(inherited)",
					"@executable_path/Frameworks",
				);
				MARKETING_VERSION = 1.0;
				PRODUCT_BUNDLE_IDENTIFIER = com.yadekanbir.eCommerceApp;
				PRODUCT_NAME = "$(TARGET_NAME)";
				SWIFT_EMIT_LOC_STRINGS = YES;
				SWIFT_VERSION = 5.0;
				TARGETED_DEVICE_FAMILY = "1,2";
			};
			name = Debug;
		};
		D795E42129C3841600F3B234 /* Release */ = {
			isa = XCBuildConfiguration;
			baseConfigurationReference = C1624404D9D97C0EB0B5C257 /* Pods-eCommerceApp.release.xcconfig */;
			buildSettings = {
				ASSETCATALOG_COMPILER_APPICON_NAME = AppIcon;
				ASSETCATALOG_COMPILER_GLOBAL_ACCENT_COLOR_NAME = AccentColor;
				CODE_SIGN_STYLE = Automatic;
				CURRENT_PROJECT_VERSION = 1;
				GENERATE_INFOPLIST_FILE = YES;
				INFOPLIST_FILE = eCommerceApp/Info.plist;
				INFOPLIST_KEY_UIApplicationSupportsIndirectInputEvents = YES;
				INFOPLIST_KEY_UILaunchStoryboardName = LaunchScreen;
				INFOPLIST_KEY_UIMainStoryboardFile = Main;
				INFOPLIST_KEY_UISupportedInterfaceOrientations_iPad = "UIInterfaceOrientationPortrait UIInterfaceOrientationPortraitUpsideDown UIInterfaceOrientationLandscapeLeft UIInterfaceOrientationLandscapeRight";
				INFOPLIST_KEY_UISupportedInterfaceOrientations_iPhone = "UIInterfaceOrientationPortrait UIInterfaceOrientationLandscapeLeft UIInterfaceOrientationLandscapeRight";
				LD_RUNPATH_SEARCH_PATHS = (
					"$(inherited)",
					"@executable_path/Frameworks",
				);
				MARKETING_VERSION = 1.0;
				PRODUCT_BUNDLE_IDENTIFIER = com.yadekanbir.eCommerceApp;
				PRODUCT_NAME = "$(TARGET_NAME)";
				SWIFT_EMIT_LOC_STRINGS = YES;
				SWIFT_VERSION = 5.0;
				TARGETED_DEVICE_FAMILY = "1,2";
			};
			name = Release;
		};
		D795E42329C3841600F3B234 /* Debug */ = {
			isa = XCBuildConfiguration;
			baseConfigurationReference = A82EB31BB3575DC097FA29C3 /* Pods-eCommerceAppTests.debug.xcconfig */;
			buildSettings = {
				ALWAYS_EMBED_SWIFT_STANDARD_LIBRARIES = YES;
				BUNDLE_LOADER = "$(TEST_HOST)";
				CODE_SIGN_STYLE = Automatic;
				CURRENT_PROJECT_VERSION = 1;
				GENERATE_INFOPLIST_FILE = YES;
				IPHONEOS_DEPLOYMENT_TARGET = 16.2;
				MARKETING_VERSION = 1.0;
				PRODUCT_BUNDLE_IDENTIFIER = com.yadekanbir.eCommerceAppTests;
				PRODUCT_NAME = "$(TARGET_NAME)";
				SWIFT_EMIT_LOC_STRINGS = NO;
				SWIFT_VERSION = 5.0;
				TARGETED_DEVICE_FAMILY = "1,2";
				TEST_HOST = "$(BUILT_PRODUCTS_DIR)/eCommerceApp.app/$(BUNDLE_EXECUTABLE_FOLDER_PATH)/eCommerceApp";
			};
			name = Debug;
		};
		D795E42429C3841600F3B234 /* Release */ = {
			isa = XCBuildConfiguration;
			baseConfigurationReference = 0D1E669697AD4FB97B97170B /* Pods-eCommerceAppTests.release.xcconfig */;
			buildSettings = {
				ALWAYS_EMBED_SWIFT_STANDARD_LIBRARIES = YES;
				BUNDLE_LOADER = "$(TEST_HOST)";
				CODE_SIGN_STYLE = Automatic;
				CURRENT_PROJECT_VERSION = 1;
				GENERATE_INFOPLIST_FILE = YES;
				IPHONEOS_DEPLOYMENT_TARGET = 16.2;
				MARKETING_VERSION = 1.0;
				PRODUCT_BUNDLE_IDENTIFIER = com.yadekanbir.eCommerceAppTests;
				PRODUCT_NAME = "$(TARGET_NAME)";
				SWIFT_EMIT_LOC_STRINGS = NO;
				SWIFT_VERSION = 5.0;
				TARGETED_DEVICE_FAMILY = "1,2";
				TEST_HOST = "$(BUILT_PRODUCTS_DIR)/eCommerceApp.app/$(BUNDLE_EXECUTABLE_FOLDER_PATH)/eCommerceApp";
			};
			name = Release;
		};
		D795E42629C3841600F3B234 /* Debug */ = {
			isa = XCBuildConfiguration;
			baseConfigurationReference = 6DACC356DA2EAB0097D505EF /* Pods-eCommerceApp-eCommerceAppUITests.debug.xcconfig */;
			buildSettings = {
				ALWAYS_EMBED_SWIFT_STANDARD_LIBRARIES = YES;
				CODE_SIGN_STYLE = Automatic;
				CURRENT_PROJECT_VERSION = 1;
				GENERATE_INFOPLIST_FILE = YES;
				MARKETING_VERSION = 1.0;
				PRODUCT_BUNDLE_IDENTIFIER = com.yadekanbir.eCommerceAppUITests;
				PRODUCT_NAME = "$(TARGET_NAME)";
				SWIFT_EMIT_LOC_STRINGS = NO;
				SWIFT_VERSION = 5.0;
				TARGETED_DEVICE_FAMILY = "1,2";
				TEST_TARGET_NAME = eCommerceApp;
			};
			name = Debug;
		};
		D795E42729C3841600F3B234 /* Release */ = {
			isa = XCBuildConfiguration;
			baseConfigurationReference = F052B7728064C18C3A732FDB /* Pods-eCommerceApp-eCommerceAppUITests.release.xcconfig */;
			buildSettings = {
				ALWAYS_EMBED_SWIFT_STANDARD_LIBRARIES = YES;
				CODE_SIGN_STYLE = Automatic;
				CURRENT_PROJECT_VERSION = 1;
				GENERATE_INFOPLIST_FILE = YES;
				MARKETING_VERSION = 1.0;
				PRODUCT_BUNDLE_IDENTIFIER = com.yadekanbir.eCommerceAppUITests;
				PRODUCT_NAME = "$(TARGET_NAME)";
				SWIFT_EMIT_LOC_STRINGS = NO;
				SWIFT_VERSION = 5.0;
				TARGETED_DEVICE_FAMILY = "1,2";
				TEST_TARGET_NAME = eCommerceApp;
			};
			name = Release;
		};
/* End XCBuildConfiguration section */

/* Begin XCConfigurationList section */
		D795E3F029C3841500F3B234 /* Build configuration list for PBXProject "eCommerceApp" */ = {
			isa = XCConfigurationList;
			buildConfigurations = (
				D795E41D29C3841600F3B234 /* Debug */,
				D795E41E29C3841600F3B234 /* Release */,
			);
			defaultConfigurationIsVisible = 0;
			defaultConfigurationName = Release;
		};
		D795E41F29C3841600F3B234 /* Build configuration list for PBXNativeTarget "eCommerceApp" */ = {
			isa = XCConfigurationList;
			buildConfigurations = (
				D795E42029C3841600F3B234 /* Debug */,
				D795E42129C3841600F3B234 /* Release */,
			);
			defaultConfigurationIsVisible = 0;
			defaultConfigurationName = Release;
		};
		D795E42229C3841600F3B234 /* Build configuration list for PBXNativeTarget "eCommerceAppTests" */ = {
			isa = XCConfigurationList;
			buildConfigurations = (
				D795E42329C3841600F3B234 /* Debug */,
				D795E42429C3841600F3B234 /* Release */,
			);
			defaultConfigurationIsVisible = 0;
			defaultConfigurationName = Release;
		};
		D795E42529C3841600F3B234 /* Build configuration list for PBXNativeTarget "eCommerceAppUITests" */ = {
			isa = XCConfigurationList;
			buildConfigurations = (
				D795E42629C3841600F3B234 /* Debug */,
				D795E42729C3841600F3B234 /* Release */,
			);
			defaultConfigurationIsVisible = 0;
			defaultConfigurationName = Release;
		};
/* End XCConfigurationList section */

/* Begin XCRemoteSwiftPackageReference section */
		D7D9A93229C473B1009848F9 /* XCRemoteSwiftPackageReference "swift-algorithms" */ = {
			isa = XCRemoteSwiftPackageReference;
			repositoryURL = "https://github.com/apple/swift-algorithms.git";
			requirement = {
				kind = upToNextMajorVersion;
				minimumVersion = 1.0.0;
			};
		};
/* End XCRemoteSwiftPackageReference section */

/* Begin XCSwiftPackageProductDependency section */
		D7D9A93329C473B1009848F9 /* Algorithms */ = {
			isa = XCSwiftPackageProductDependency;
			package = D7D9A93229C473B1009848F9 /* XCRemoteSwiftPackageReference "swift-algorithms" */;
			productName = Algorithms;
		};
/* End XCSwiftPackageProductDependency section */
	};
	rootObject = D795E3ED29C3841500F3B234 /* Project object */;
}
